
Microsoft Visual Studio Solution File, Format Version 12.00
# Visual Studio 15
VisualStudioVersion = 15.0.27703.2047
MinimumVisualStudioVersion = 10.0.40219.1
Project("{9A19103F-16F7-4668-BE54-9A1E7A4F7556}") = "Excella.Twitter.AzureFunction", "Excella.Twitter.AzureFunction.csproj", "{A983E742-2F5E-4BC9-BCE9-D76972FA1A39}"
EndProject
Global
	GlobalSection(SolutionConfigurationPlatforms) = preSolution
		Debug|Any CPU = Debug|Any CPU
		Release|Any CPU = Release|Any CPU
	EndGlobalSection
	GlobalSection(ProjectConfigurationPlatforms) = postSolution
		{A983E742-2F5E-4BC9-BCE9-D76972FA1A39}.Debug|Any CPU.ActiveCfg = Debug|Any CPU
		{A983E742-2F5E-4BC9-BCE9-D76972FA1A39}.Debug|Any CPU.Build.0 = Debug|Any CPU
		{A983E742-2F5E-4BC9-BCE9-D76972FA1A39}.Release|Any CPU.ActiveCfg = Release|Any CPU
		{A983E742-2F5E-4BC9-BCE9-D76972FA1A39}.Release|Any CPU.Build.0 = Release|Any CPU
	EndGlobalSection
	GlobalSection(SolutionProperties) = preSolution
		HideSolutionNode = FALSE
	EndGlobalSection
	GlobalSection(ExtensibilityGlobals) = postSolution
		SolutionGuid = {316CEDFD-DD96-430B-87D5-2EDBCA9064C9}
	EndGlobalSection
EndGlobal
